version = 1
revision = 3
requires-python = ">=3.12"

[manifest]
members = [
    "ratebook",
    "ratebook-data",
    "ratebook-mcp",
]

[manifest.dependency-groups]
dev = [
    { name = "hypothesis", specifier = ">=6.100" },
    { name = "pytest", specifier = ">=8.0" },
    { name = "ruff", specifier = ">=0.5" },
]
validation = [{ name = "nrel-pysam", specifier = ">=7.0" }]

[[package]]
name = "anyio"
version = "4.13.0"
source = { registry = "https://pypi.org/simple" }
dependencies = [
    { name = "idna" },
    { name = "typing-extensions", marker = "python_full_version < '3.13'" },
]
sdist = { url = "https://files.pythonhosted.org/packages/19/14/2c5dd9f512b66549ae92767a9c7b330ae88e1932ca57876909410251fe13/anyio-4.13.0.tar.gz", hash = "sha256:334b70e641fd2221c1505b3890c69882fe4a2df910cba14d97019b90b24439dc", size = 231622, upload-time = "2026-03-24T12:59:09.671Z" }
wheels = [
    { url = "https://files.pythonhosted.org/packages/da/42/e921fccf5015463e32a3cf6ee7f980a6ed0f395ceeaa45060b61d86486c2/anyio-4.13.0-py3-none-any.whl", hash = "sha256:08b310f9e24a9594186fd75b4f73f4a4152069e3853f1ed8bfbf58369f4ad708", size = 114353, upload-time = "2026-03-24T12:59:08.246Z" },
]

[[package]]
name = "certifi"
version = "2026.5.20"
source = { registry = "https://pypi.org/simple" }
sdist = { url = "https://files.pythonhosted.org/packages/f3/ce/ee2ecad540810a79593028e88299baeae54d346cc7a0d94b6199988b89b1/certifi-2026.5.20.tar.gz", hash = "sha256:69dea482ab64caa7b9f6aba1c6bf48bb6a5448d1c0f1b17ab42ad8c763a5344d", size = 135422, upload-time = "2026-05-20T11:46:50.073Z" }
wheels = [
    { url = "https://files.pythonhosted.org/packages/59/8c/57e832b7af6d7c5abe66eb3fbe3a3a32f4d11ea23a1aa7131371035be991/certifi-2026.5.20-py3-none-any.whl", hash = "sha256:3c52e209ba0a4ad7aebe60436a4ab349c39e1e602e8c134221e546902ad25897", size = 134134, upload-time = "2026-05-20T11:46:48.578Z" },
]

[[package]]
name = "colorama"
version = "0.4.6"
source = { registry = "https://pypi.org/simple" }
sdist = { url = "https://files.pythonhosted.org/packages/d8/53/6f443c9a4a8358a93a6792e2acffb9d9d5cb0a5cfd8802644b7b1c9a02e4/colorama-0.4.6.tar.gz", hash = "sha256:08695f5cb7ed6e0531a20572697297273c47b8cae5a63ffc6d6ed5c201be6e44", size = 27697, upload-time = "2022-10-25T02:36:22.414Z" }
wheels = [
    { url = "https://files.pythonhosted.org/packages/d1/d6/3965ed04c63042e047cb6a3e6ed1a63a35087b6a609aa3a15ed8ac56c221/colorama-0.4.6-py2.py3-none-any.whl", hash = "sha256:4f1d9991f5acc0ca119f9d443620b77f9d6b33703e51011c16baf57afb285fc6", size = 25335, upload-time = "2022-10-25T02:36:20.889Z" },
]

[[package]]
name = "duckdb"
version = "1.5.3"
source = { registry = "https://pypi.org/simple" }
sdist = { url = "https://files.pythonhosted.org/packages/69/00/d579dcb2a536b6ea3a2563cdad6844f77d81a9b2d4b22a858097f2468acf/duckdb-1.5.3.tar.gz", hash = "sha256:df39428eb130faa35ae96fd35245bdeae6ecf43936250b116b5fead568eb9f16", size = 18026640, upload-time = "2026-05-20T11:55:31.901Z" }
wheels = [
    { url = "https://files.pythonhosted.org/packages/e7/c4/2e34929b16c8d544ef664fad8f7f3a2a9db05746aae1e7c8c4ee3a8b23e4/duckdb-1.5.3-cp312-cp312-macosx_10_13_universal2.whl", hash = "sha256:ff11a457258148337ef9a392148a8cdbd1069b6c27c21958816c7b67fe6c542d", size = 32626494, upload-time = "2026-05-20T11:54:33.738Z" },
    { url = "https://files.pythonhosted.org/packages/3a/53/3af681793d03771365ae3e2215331151c196a3ac8193f613344840694671/duckdb-1.5.3-cp312-cp312-macosx_10_13_x86_64.whl", hash = "sha256:5fd25f533cb1b6b2c84cc767a9a9bab7769bb1aa44571a2a0bfc91ac3e4a38ac", size = 17301121, upload-time = "2026-05-20T11:54:36.928Z" },
    { url = "https://files.pythonhosted.org/packages/15/e2/c80af1eac2ab5d35fc2c372ef0a84668842e549fbbf7799277b3fccf3e39/duckdb-1.5.3-cp312-cp312-macosx_11_0_arm64.whl", hash = "sha256:10960400ed60cdf0fe05bab2086fa8eb733889cb0ceca18d07ff9a00c0e0be7b", size = 15449283, upload-time = "2026-05-20T11:54:39.777Z" },
    { url = "https://files.pythonhosted.org/packages/2d/9a/c63af233c9f761bf5178a5210437e1bc6bcb30fa8a9073de6398cfb12c03/duckdb-1.5.3-cp312-cp312-manylinux_2_26_aarch64.manylinux_2_28_aarch64.whl", hash = "sha256:c5f18e7561403054433706c187589e86629a7af09a7efc23a06a8b308e6acc68", size = 19332762, upload-time = "2026-05-20T11:54:42.51Z" },
    { url = "https://files.pythonhosted.org/packages/21/cc/2d77af4fff86012f334ef82e6d54a995a86c8745e58074f1218ed7d25171/duckdb-1.5.3-cp312-cp312-manylinux_2_26_x86_64.manylinux_2_28_x86_64.whl", hash = "sha256:9fb7516255a8764545e30f7efacea408cc847764a3027b3b0b3e7d1a7bebbc5c", size = 21453290, upload-time = "2026-05-20T11:54:45.272Z" },
    { url = "https://files.pythonhosted.org/packages/8d/5e/9bc4817a98feb4dab83e56f2245cd3a30d00ee646d4dec7926464e2b3f28/duckdb-1.5.3-cp312-cp312-win_amd64.whl", hash = "sha256:8001eccbc28be244dfd04d708526f34ddd6460b47a8aeb5d0e39d6f7f9e3fe15", size = 13118308, upload-time = "2026-05-20T11:54:48.058Z" },
    { url = "https://files.pythonhosted.org/packages/81/35/e3f32e4e53e2450ddb1db8312a17d1ce455d60cc4941b6ad2cfc908794b0/duckdb-1.5.3-cp312-cp312-win_arm64.whl", hash = "sha256:6d2835e39bb6af73891f73c0f8d4324f98afe00d0b00c6d34b2a582c2256cbb0", size = 13927187, upload-time = "2026-05-20T11:54:50.584Z" },
    { url = "https://files.pythonhosted.org/packages/cc/9c/a528eb09d8be51954c485864bd06753e616939a080cbc3dd4417e8c94a57/duckdb-1.5.3-cp313-cp313-macosx_10_13_universal2.whl", hash = "sha256:e75a6122c12579a99848517f6f00a4e342aebda3590c30fe9b5cc5f39d5e6afc", size = 32626254, upload-time = "2026-05-20T11:54:53.65Z" },
    { url = "https://files.pythonhosted.org/packages/ec/3c/1534c0a6db347c05eb7d0f6ecfb7aefbe74cbff398e4892a8fd1903a20e8/duckdb-1.5.3-cp313-cp313-macosx_10_13_x86_64.whl", hash = "sha256:fd3963c1cb9d9567777f4a898a9dbe388a2fe9724681801b1e7d6d93eecf1b76", size = 17300917, upload-time = "2026-05-20T11:54:56.628Z" },
    { url = "https://files.pythonhosted.org/packages/23/fa/beafb91e6e152d2161c4a9cbc472334c87607eb61ad7104b5a7fa8d8d7b1/duckdb-1.5.3-cp313-cp313-macosx_11_0_arm64.whl", hash = "sha256:3d5db8c0b55e072cf437948ebb5d7e23d7b9d03d905fa5f9145583e65aa447f7", size = 15449411, upload-time = "2026-05-20T11:54:59.089Z" },
    { url = "https://files.pythonhosted.org/packages/50/0a/49b6fe04e2fcd63729eb607dadd44818dde77342a4f5ce086c6c92f1dd4d/duckdb-1.5.3-cp313-cp313-manylinux_2_26_aarch64.manylinux_2_28_aarch64.whl", hash = "sha256:0ce80aed7a538422129a57eaca9141e3afb51f8bf562b1908b1576c9725b5b22", size = 19333120, upload-time = "2026-05-20T11:55:01.727Z" },
    { url = "https://files.pythonhosted.org/packages/63/4c/0907c3f76adb9dd90e67610b31e0304a35814e65c4c41a354a262c09b885/duckdb-1.5.3-cp313-cp313-manylinux_2_26_x86_64.manylinux_2_28_x86_64.whl", hash = "sha256:787df63824f07bf18022dbc3b8ca4b2bfab0ebe616464f55c6e8cd0f59ea762e", size = 21453266, upload-time = "2026-05-20T11:55:04.5Z" },
    { url = "https://files.pythonhosted.org/packages/6d/9c/d2f23a7803ddbbd9413f7572ecf66a15120ed5ced7ce5c73e698c1406b76/duckdb-1.5.3-cp313-cp313-win_amd64.whl", hash = "sha256:bb5bb5dcdd09d62ee60f0ddbbef918e71cce304ffe28428b1131949d39ffaabf", size = 13118640, upload-time = "2026-05-20T11:55:07.389Z" },
    { url = "https://files.pythonhosted.org/packages/27/d5/7ba2316415bcdab6edd765bbbe35c2ca8a3800f2fe695cd70e3cdb997f09/duckdb-1.5.3-cp313-cp313-win_arm64.whl", hash = "sha256:2fa17ecdd5d3db122836cb71bb93601c2106a3be883c17dffddc02fbf3fa7888", size = 13926409, upload-time = "2026-05-20T11:55:10.166Z" },
    { url = "https://files.pythonhosted.org/packages/a5/c2/d4b6f8a5e4d3bc25773be6da76a99d9661ebbf3552c007c460d2dd59dbf8/duckdb-1.5.3-cp314-cp314-macosx_10_15_universal2.whl", hash = "sha256:4bfa9a4dadf71e83e2c4eaca2f9421c82a54defecc1b0b4c0be95e2389dec4fe", size = 32636685, upload-time = "2026-05-20T11:55:13.158Z" },
    { url = "https://files.pythonhosted.org/packages/42/58/e835c8298979d29db7a62cb5acc29e9b57aeaca7cdde2fcd3ac980f5cb18/duckdb-1.5.3-cp314-cp314-macosx_10_15_x86_64.whl", hash = "sha256:aea7baf67ad7e1829ac76f67d7dcbd7fb1f57c3eb179d55ac30952df4709ae30", size = 17308134, upload-time = "2026-05-20T11:55:16.194Z" },
    { url = "https://files.pythonhosted.org/packages/c9/46/617b51363f5613418c8b224b3cce16b58e6dde80904566bec232579c1d4e/duckdb-1.5.3-cp314-cp314-macosx_11_0_arm64.whl", hash = "sha256:0b0b4f088a65d77e1217ce5d7eff889e63fedc44281200d899ff47c84d8ff836", size = 15449891, upload-time = "2026-05-20T11:55:18.687Z" },
    { url = "https://files.pythonhosted.org/packages/b3/72/354146656e8d9ba3853d3a5ee80a481b8c5f70edfc3d5ae80a8c4479c967/duckdb-1.5.3-cp314-cp314-manylinux_2_26_aarch64.manylinux_2_28_aarch64.whl", hash = "sha256:fe8d0c1f6a120aa03fa6e0d03897c71a1842e6cf7afd31d181348391f7108fe1", size = 19338499, upload-time = "2026-05-20T11:55:21.34Z" },
    { url = "https://files.pythonhosted.org/packages/56/8f/65fc623b51448f2bfba1a9ec6ab3debb4664c0876c0113a5e782600b53ac/duckdb-1.5.3-cp314-cp314-manylinux_2_26_x86_64.manylinux_2_28_x86_64.whl", hash = "sha256:d0405eae18ec6e8210a471c97dbfe87a7e4d605274b7fe572a1f276e92158f13", size = 21455828, upload-time = "2026-05-20T11:55:23.847Z" },
    { url = "https://files.pythonhosted.org/packages/2b/db/d0274cbe9f5fe219f77c0bdf900ac77103569e83c102a4225ce04cbc607d/duckdb-1.5.3-cp314-cp314-win_amd64.whl", hash = "sha256:33ae08b3e818d7613d8936744b67718c2062c2f530376895bfd89efb51b81538", size = 13640011, upload-time = "2026-05-20T11:55:26.276Z" },
    { url = "https://files.pythonhosted.org/packages/07/5d/8f1899b8bef291caf953992fcd6c24df9f29387a35645e58c2504a5ca473/duckdb-1.5.3-cp314-cp314-win_arm64.whl", hash = "sha256:746433e49bbc667b4df283153415fbe37e9083e0eff6c3cd6e54de7536869cd4", size = 14411554, upload-time = "2026-05-20T11:55:29.037Z" },
]

[[package]]
name = "h11"
version = "0.16.0"
source = { registry = "https://pypi.org/simple" }
sdist = { url = "https://files.pythonhosted.org/packages/01/ee/02a2c011bdab74c6fb3c75474d40b3052059d95df7e73351460c8588d963/h11-0.16.0.tar.gz", hash = "sha256:4e35b956cf45792e4caa5885e69fba00bdbc6ffafbfa020300e549b208ee5ff1", size = 101250, upload-time = "2025-04-24T03:35:25.427Z" }
wheels = [
    { url = "https://files.pythonhosted.org/packages/04/4b/29cac41a4d98d144bf5f6d33995617b185d14b22401f75ca86f384e87ff1/h11-0.16.0-py3-none-any.whl", hash = "sha256:63cf8bbe7522de3bf65932fda1d9c2772064ffb3dae62d55932da54b31cb6c86", size = 37515, upload-time = "2025-04-24T03:35:24.344Z" },
]

[[package]]
name = "httpcore"
version = "1.0.9"
source = { registry = "https://pypi.org/simple" }
dependencies = [
    { name = "certifi" },
    { name = "h11" },
]
sdist = { url = "https://files.pythonhosted.org/packages/06/94/82699a10bca87a5556c9c59b5963f2d039dbd239f25bc2a63907a05a14cb/httpcore-1.0.9.tar.gz", hash = "sha256:6e34463af53fd2ab5d807f399a9b45ea31c3dfa2276f15a2c3f00afff6e176e8", size = 85484, upload-time = "2025-04-24T22:06:22.219Z" }
wheels = [
    { url = "https://files.pythonhosted.org/packages/7e/f5/f66802a942d491edb555dd61e3a9961140fd64c90bce1eafd741609d334d/httpcore-1.0.9-py3-none-any.whl", hash = "sha256:2d400746a40668fc9dec9810239072b40b4484b640a8c38fd654a024c7a1bf55", size = 78784, upload-time = "2025-04-24T22:06:20.566Z" },
]

[[package]]
name = "httpx"
version = "0.28.1"
source = { registry = "https://pypi.org/simple" }
dependencies = [
    { name = "anyio" },
    { name = "certifi" },
    { name = "httpcore" },
    { name = "idna" },
]
sdist = { url = "https://files.pythonhosted.org/packages/b1/df/48c586a5fe32a0f01324ee087459e112ebb7224f646c0b5023f5e79e9956/httpx-0.28.1.tar.gz", hash = "sha256:75e98c5f16b0f35b567856f597f06ff2270a374470a5c2392242528e3e3e42fc", size = 141406, upload-time = "2024-12-06T15:37:23.222Z" }
wheels = [
    { url = "https://files.pythonhosted.org/packages/2a/39/e50c7c3a983047577ee07d2a9e53faf5a69493943ec3f6a384bdc792deb2/httpx-0.28.1-py3-none-any.whl", hash = "sha256:d909fcccc110f8c7faf814ca82a9a4d816bc5a6dbfea25d6591d6985b8ba59ad", size = 73517, upload-time = "2024-12-06T15:37:21.509Z" },
]

[[package]]
name = "hypothesis"
version = "6.155.2"
source = { registry = "https://pypi.org/simple" }
dependencies = [
    { name = "sortedcontainers" },
]
sdist = { url = "https://files.pythonhosted.org/packages/f5/04/64032a1dccd2233615c8a3f701bbb563558575ed017496a24b6d81762c91/hypothesis-6.155.2.tar.gz", hash = "sha256:ae36880287c9c5defe9f199d3d2b67d9947a4da2a46e6c57373cbdf2345b20e1", size = 477765, upload-time = "2026-06-05T16:32:23.63Z" }
wheels = [
    { url = "https://files.pythonhosted.org/packages/ec/6e/e735f27ac1a530a4cd0a31cd970ec495a3a11830fdc5d281cc292593b330/hypothesis-6.155.2-py3-none-any.whl", hash = "sha256:c85ce6dcd630a90ce501f1d1dd1bc84b97f5649ca8a27e134c8cbf5aa480b1a5", size = 544213, upload-time = "2026-06-05T16:32:21.15Z" },
]

[[package]]
name = "idna"
version = "3.18"
source = { registry = "https://pypi.org/simple" }
sdist = { url = "https://files.pythonhosted.org/packages/cd/63/9496c57188a2ee585e0f1db071d75089a11e98aa86eb99d9d7618fc1edce/idna-3.18.tar.gz", hash = "sha256:ffb385a7e039654cef1ab9ef32c6fafe283c0c0467bba1d9029738ce4a14a848", size = 196711, upload-time = "2026-06-02T14:34:07.794Z" }
wheels = [
    { url = "https://files.pythonhosted.org/packages/1e/5e/d4e9f1a599fb8e573b7b87160658329fbf28d19eac2718f51fc3def3aa5a/idna-3.18-py3-none-any.whl", hash = "sha256:7f952cbe720b688055e3f87de14f5c3e5fdaa8bc3928985c4077ca689de849a2", size = 65455, upload-time = "2026-06-02T14:34:06.319Z" },
]

[[package]]
name = "iniconfig"
version = "2.3.0"
source = { registry = "https://pypi.org/simple" }
sdist = { url = "https://files.pythonhosted.org/packages/72/34/14ca021ce8e5dfedc35312d08ba8bf51fdd999c576889fc2c24cb97f4f10/iniconfig-2.3.0.tar.gz", hash = "sha256:c76315c77db068650d49c5b56314774a7804df16fee4402c1f19d6d15d8c4730", size = 20503, upload-time = "2025-10-18T21:55:43.219Z" }
wheels = [
    { url = "https://files.pythonhosted.org/packages/cb/b1/3846dd7f199d53cb17f49cba7e651e9ce294d8497c8c150530ed11865bb8/iniconfig-2.3.0-py3-none-any.whl", hash = "sha256:f631c04d2c48c52b84d0d0549c99ff3859c98df65b3101406327ecc7d53fbf12", size = 7484, upload-time = "2025-10-18T21:55:41.639Z" },
]

[[package]]
name = "nrel-pysam"
version = "7.1.1.post1"
source = { registry = "https://pypi.org/simple" }
wheels = [
    { url = "https://files.pythonhosted.org/packages/82/b1/be9fa3d89821b42fe9c8dab35763dbae54d00c99e513f9b020af8ab95bc4/nrel_pysam-7.1.1.post1-cp312-cp312-macosx_12_0_arm64.whl", hash = "sha256:408f228092734c5f038ffa53aa4bf11b8f85b6c92d0dfdccd93da1a0b7d8a28a", size = 35589497, upload-time = "2026-04-27T09:57:11.435Z" },
    { url = "https://files.pythonhosted.org/packages/78/90/f3cecd95554bdcc26b15c6635ceb5ad57fefc0dcc85fc8b8dfd186dcccfe/nrel_pysam-7.1.1.post1-cp312-cp312-macosx_12_0_x86_64.whl", hash = "sha256:3e97538b33bc6542d47785000aaed7941f1522e08ff81732b2c97df6964d4c2c", size = 35895056, upload-time = "2026-04-27T09:59:28.103Z" },
    { url = "https://files.pythonhosted.org/packages/66/96/556d776bb8c334f82d39b63567ad0b17ee26cdfd3b684fa961d8eca9a90b/nrel_pysam-7.1.1.post1-cp312-cp312-manylinux2014_aarch64.whl", hash = "sha256:631d9d972c99c8a57a5d469d3cd2cf86992adecc1ef0fe926f3eed928451e943", size = 45198895, upload-time = "2026-04-28T09:54:18.77Z" },
    { url = "https://files.pythonhosted.org/packages/ee/18/1edb69b383fc331b680957519a2d8f3833e4d96c9e16f2c814c7b64bb34e/nrel_pysam-7.1.1.post1-cp312-cp312-manylinux2014_x86_64.whl", hash = "sha256:27c965f0f8be6afb1d8625250fc4c3973a408b8c368d657eb3cd22f02a1c82e0", size = 47255128, upload-time = "2026-04-28T09:57:00.467Z" },
    { url = "https://files.pythonhosted.org/packages/f3/30/f3027e379d79c8e12d50ee9af0b2414ae9882de73482de9f4f15964c9410/nrel_pysam-7.1.1.post1-cp312-cp312-win_amd64.whl", hash = "sha256:e135acafd1102fc6c7f1101657d2479f3d6e60dc895e0ef7a8c89df55998feaa", size = 32852128, upload-time = "2026-04-26T08:12:21.828Z" },
    { url = "https://files.pythonhosted.org/packages/ad/3a/5b74cb446353a61f1ec2fa35bc7b1e496a4b0808b1d75244b58307c15dd5/nrel_pysam-7.1.1.post1-cp313-cp313-macosx_12_0_arm64.whl", hash = "sha256:b7609ed08b17efd6267eca48f72723ae71949d606d7f9dff21ee619db3123b14", size = 35585991, upload-time = "2026-04-27T09:57:58.371Z" },
    { url = "https://files.pythonhosted.org/packages/19/70/c7280e7aa2faa27c21e3b2e8f1bddf42c8abd5176aa4fbdf595032571f57/nrel_pysam-7.1.1.post1-cp313-cp313-macosx_12_0_x86_64.whl", hash = "sha256:2455d7aa2565bac520f506be847a44d31145e41e7851c343c944e74e72c3bc93", size = 35892101, upload-time = "2026-04-27T09:58:40.303Z" },
    { url = "https://files.pythonhosted.org/packages/09/f6/8a01c6c0ed2a5bc06bae3316e93c5f0359902d1f77ba8555ce448159980e/nrel_pysam-7.1.1.post1-cp313-cp313-manylinux2014_aarch64.whl", hash = "sha256:e2cc365497cc8dbfd2a5d90250ef8beb861b530f15698d99263508e4a6b082fd", size = 45196738, upload-time = "2026-04-28T09:54:44.573Z" },
    { url = "https://files.pythonhosted.org/packages/ed/45/0d3c25f4e644e691af9f80d609a3e30d3978831ecb98c54390be0dd1be4e/nrel_pysam-7.1.1.post1-cp313-cp313-manylinux2014_x86_64.whl", hash = "sha256:44fe7e4aaf962f6118631ef7913d98b71c6be317879698f9bd8e88288f45d9d6", size = 47252240, upload-time = "2026-04-28T09:57:29.798Z" },
    { url = "https://files.pythonhosted.org/packages/2d/2d/26e6ddc30bcf2263ec47e1039e1dbbd99fb8bcb91f13113a6b2ca2829886/nrel_pysam-7.1.1.post1-cp313-cp313-win_amd64.whl", hash = "sha256:678b5b1bd57a013574dce30156c8bffd601f999e1f9609686daeff7411e0dcb1", size = 33206944, upload-time = "2026-04-26T08:12:40.118Z" },
]

[[package]]
name = "packaging"
version = "26.2"
source = { registry = "https://pypi.org/simple" }
sdist = { url = "https://files.pythonhosted.org/packages/d7/f1/e7a6dd94a8d4a5626c03e4e99c87f241ba9e350cd9e6d75123f992427270/packaging-26.2.tar.gz", hash = "sha256:ff452ff5a3e828ce110190feff1178bb1f2ea2281fa2075aadb987c2fb221661", size = 228134, upload-time = "2026-04-24T20:15:23.917Z" }
wheels = [
    { url = "https://files.pythonhosted.org/packages/df/b2/87e62e8c3e2f4b32e5fe99e0b86d576da1312593b39f47d8ceef365e95ed/packaging-26.2-py3-none-any.whl", hash = "sha256:5fc45236b9446107ff2415ce77c807cee2862cb6fac22b8a73826d0693b0980e", size = 100195, upload-time = "2026-04-24T20:15:22.081Z" },
]

[[package]]
name = "pluggy"
version = "1.6.0"
source = { registry = "https://pypi.org/simple" }
sdist = { url = "https://files.pythonhosted.org/packages/f9/e2/3e91f31a7d2b083fe6ef3fa267035b518369d9511ffab804f839851d2779/pluggy-1.6.0.tar.gz", hash = "sha256:7dcc130b76258d33b90f61b658791dede3486c3e6bfb003ee5c9bfb396dd22f3", size = 69412, upload-time = "2025-05-15T12:30:07.975Z" }
wheels = [
    { url = "https://files.pythonhosted.org/packages/54/20/4d324d65cc6d9205fabedc306948156824eb9f0ee1633355a8f7ec5c66bf/pluggy-1.6.0-py3-none-any.whl", hash = "sha256:e920276dd6813095e9377c0bc5566d94c932c33b27a3e3945d8389c374dd4746", size = 20538, upload-time = "2025-05-15T12:30:06.134Z" },
]

[[package]]
name = "pygments"
version = "2.20.0"
source = { registry = "https://pypi.org/simple" }
sdist = { url = "https://files.pythonhosted.org/packages/c3/b2/bc9c9196916376152d655522fdcebac55e66de6603a76a02bca1b6414f6c/pygments-2.20.0.tar.gz", hash = "sha256:6757cd03768053ff99f3039c1a36d6c0aa0b263438fcab17520b30a303a82b5f", size = 4955991, upload-time = "2026-03-29T13:29:33.898Z" }
wheels = [
    { url = "https://files.pythonhosted.org/packages/f4/7e/a72dd26f3b0f4f2bf1dd8923c85f7ceb43172af56d63c7383eb62b332364/pygments-2.20.0-py3-none-any.whl", hash = "sha256:81a9e26dd42fd28a23a2d169d86d7ac03b46e2f8b59ed4698fb4785f946d0176", size = 1231151, upload-time = "2026-03-29T13:29:30.038Z" },
]

[[package]]
name = "pytest"
version = "9.0.3"
source = { registry = "https://pypi.org/simple" }
dependencies = [
    { name = "colorama", marker = "sys_platform == 'win32'" },
    { name = "iniconfig" },
    { name = "packaging" },
    { name = "pluggy" },
    { name = "pygments" },
]
sdist = { url = "https://files.pythonhosted.org/packages/7d/0d/549bd94f1a0a402dc8cf64563a117c0f3765662e2e668477624baeec44d5/pytest-9.0.3.tar.gz", hash = "sha256:b86ada508af81d19edeb213c681b1d48246c1a91d304c6c81a427674c17eb91c", size = 1572165, upload-time = "2026-04-07T17:16:18.027Z" }
wheels = [
    { url = "https://files.pythonhosted.org/packages/d4/24/a372aaf5c9b7208e7112038812994107bc65a84cd00e0354a88c2c77a617/pytest-9.0.3-py3-none-any.whl", hash = "sha256:2c5efc453d45394fdd706ade797c0a81091eccd1d6e4bccfcd476e2b8e0ab5d9", size = 375249, upload-time = "2026-04-07T17:16:16.13Z" },
]

[[package]]
name = "ratebook"
version = "0.0.1"
source = { editable = "packages/ratebook" }

[[package]]
name = "ratebook-data"
version = "0.0.1"
source = { editable = "packages/ratebook-data" }
dependencies = [
    { name = "duckdb" },
    { name = "httpx" },
    { name = "ratebook" },
]

[package.metadata]
requires-dist = [
    { name = "duckdb", specifier = ">=1.0" },
    { name = "httpx", specifier = ">=0.27" },
    { name = "ratebook", editable = "packages/ratebook" },
]

[[package]]
name = "ratebook-mcp"
version = "0.0.1"
source = { editable = "packages/ratebook-mcp" }
dependencies = [
    { name = "ratebook" },
]

[package.metadata]
requires-dist = [{ name = "ratebook", editable = "packages/ratebook" }]

[[package]]
name = "ruff"
version = "0.15.17"
source = { registry = "https://pypi.org/simple" }
sdist = { url = "https://files.pythonhosted.org/packages/8c/a9/3abdf488f1bf3d24c699415e454ed554a6350d5d89ce183be1ee0a3361ac/ruff-0.15.17.tar.gz", hash = "sha256:2ec446937fd16c8c4de2674a209cc5af64d9c6f17d21fbf1151054fa0bcf5219", size = 4743346, upload-time = "2026-06-11T17:54:47.663Z" }
wheels = [
    { url = "https://files.pythonhosted.org/packages/db/4d/e11259f5da07cb6afb2d074c31bf09da9671993f7329d4f15d2fdc458301/ruff-0.15.17-py3-none-linux_armv6l.whl", hash = "sha256:d9feddb927fc68bd295f5eebc587a7e42cfaf9b65f60ca4a2386febff575da8f", size = 10856677, upload-time = "2026-06-11T17:54:49.533Z" },
    { url = "https://files.pythonhosted.org/packages/29/3e/772d679e1a0dc058e58875bd2c0cb713a0530877b4a76fee3c7966df0d49/ruff-0.15.17-py3-none-macosx_10_12_x86_64.whl", hash = "sha256:25805a226d741c47d274a35ad5c10a7dde175fcddfa511d7cf3da0a21eb3eab7", size = 11223443, upload-time = "2026-06-11T17:55:00.573Z" },
    { url = "https://files.pythonhosted.org/packages/68/58/bd41f7688b2fd5623012605130ed70e60aa7f2244baa3d5066bdd61530c8/ruff-0.15.17-py3-none-macosx_11_0_arm64.whl", hash = "sha256:f6ad73b14c2d18a3bf8ad7cb6974294d7f613a7898604826058e6ac64918ef4d", size = 10566458, upload-time = "2026-06-11T17:55:07.52Z" },
    { url = "https://files.pythonhosted.org/packages/d8/5b/733371013fcf1ec339e477ece6ab42bfe10bdd9bba8ee88a9516aa56bfc0/ruff-0.15.17-py3-none-manylinux_2_17_aarch64.manylinux2014_aarch64.whl", hash = "sha256:6ba0c1e4f95bcb3869d0d30cbd5917071ef2e28665abfec970cdab0492c713ed", size = 10914483, upload-time = "2026-06-11T17:55:05.501Z" },
    { url = "https://files.pythonhosted.org/packages/bd/cc/6f24251cc0252f7239391ccb85833f320efad14ebe5b443943f37ced6332/ruff-0.15.17-py3-none-manylinux_2_17_armv7l.manylinux2014_armv7l.whl", hash = "sha256:81647960f10bff57d2e51cadd0c3950fe598400c852863a038720ef5b8cca91e", size = 10647497, upload-time = "2026-06-11T17:54:57.733Z" },
    { url = "https://files.pythonhosted.org/packages/68/dd/0d10c17ce1a1624d6fc3156309c3f834fdb5dfaad026ec90c85684f3990e/ruff-0.15.17-py3-none-manylinux_2_17_i686.manylinux2014_i686.whl", hash = "sha256:0e01a84ddbc8c16c23055ba3924476850f1bbc1917cebbb9376665a63e74260d", size = 11416967, upload-time = "2026-06-11T17:54:51.461Z" },
    { url = "https://files.pythonhosted.org/packages/2f/91/556bfb156f6144f355e831c23db00b2fc4120f86b3ce81cc5f7fd2df51f3/ruff-0.15.17-py3-none-manylinux_2_17_ppc64le.manylinux2014_ppc64le.whl", hash = "sha256:84fe9f653152f8f294f9f7e03bf3a453d8b4a27f7a59c78c8666167f2b17b96c", size = 12335770, upload-time = "2026-06-11T17:54:45.793Z" },
    { url = "https://files.pythonhosted.org/packages/88/82/8b5999aa13355e926f06d9f42a32dcca862f623bf0363785ff89d607dffd/ruff-0.15.17-py3-none-manylinux_2_17_s390x.manylinux2014_s390x.whl", hash = "sha256:8c0fe88a7676e7a05b73174d4d4a59cb2ac21ff8263583f87a81a6018475a978", size = 11575441, upload-time = "2026-06-11T17:54:32.661Z" },
    { url = "https://files.pythonhosted.org/packages/11/93/f10377bb04109ca0e8cbc483ff1982c54b6d418210041776f93e8cdc7fa9/ruff-0.15.17-py3-none-manylinux_2_17_x86_64.manylinux2014_x86_64.whl", hash = "sha256:ecfc3c7878fff94633ab0348524e093f9ce3243080416dd7d14f8ba400174719", size = 11557614, upload-time = "2026-06-11T17:54:34.698Z" },
    { url = "https://files.pythonhosted.org/packages/c7/a6/eeeae7f7d5493df41649ab3db92f086b2d0a30199e4efdf8e3dd7a033f24/ruff-0.15.17-py3-none-manylinux_2_31_riscv64.whl", hash = "sha256:b8461180b22420b1bdc289909410930761629fddf2a5aaf60fae1ab26cedc4c4", size = 11544450, upload-time = "2026-06-11T17:54:39.042Z" },
    { url = "https://files.pythonhosted.org/packages/32/88/5991ce565129a24dd4a00db1254b3b5db2e53018cbe4018ea5a89738e727/ruff-0.15.17-py3-none-musllinux_1_2_aarch64.whl", hash = "sha256:6eccbe50a038b503e7140b441aa9c7fc8c1f36edf23ebef9f4165c2f28f568b7", size = 10892524, upload-time = "2026-06-11T17:55:09.432Z" },
    { url = "https://files.pythonhosted.org/packages/f5/1d/0fdd248313425f55223968af04b0a42125466a8d88d21c1d99c6af0a51e8/ruff-0.15.17-py3-none-musllinux_1_2_armv7l.whl", hash = "sha256:382fc0521025f5a8ad447d8bdd523545d0d7646adb718eb1c2dac5065ec27c0f", size = 10659573, upload-time = "2026-06-11T17:54:36.824Z" },
    { url = "https://files.pythonhosted.org/packages/9e/0e/072e8260deb9461062ce9311ced27a8e541229a6ffd483013dd37661e43e/ruff-0.15.17-py3-none-musllinux_1_2_i686.whl", hash = "sha256:456d41fcd1b2777ad63f09a6e7121d43f7b688bbc76a800c10f7f8fb1f912c3f", size = 11127818, upload-time = "2026-06-11T17:55:03.124Z" },
    { url = "https://files.pythonhosted.org/packages/ab/b4/55060a34163121498014696b5f656db5b8c6963768f227dbf0d76b311073/ruff-0.15.17-py3-none-musllinux_1_2_x86_64.whl", hash = "sha256:b1a04bcc94ae6194e9db05d16ad31f298a7194bfbcb08258bbe589cee1d587b8", size = 11655901, upload-time = "2026-06-11T17:54:53.562Z" },
    { url = "https://files.pythonhosted.org/packages/49/71/9b29d6b87cef468d697f43c6a91e3fae4a80185779d7d5a4ef27d173439f/ruff-0.15.17-py3-none-win32.whl", hash = "sha256:596065960ab1ff593f744220c9fe6580eda00a95003cffa9f4048bb5b1bf0392", size = 10925574, upload-time = "2026-06-11T17:54:55.723Z" },
    { url = "https://files.pythonhosted.org/packages/3d/b2/8fc77f3723228836fa5d12497eb71c808f83782e10d058d2b15cfa14640b/ruff-0.15.17-py3-none-win_amd64.whl", hash = "sha256:6769e5fa1710b179b92e0bfa5a51735b35baea9013dadb06d5f44cbcf9547084", size = 12058788, upload-time = "2026-06-11T17:54:41.042Z" },
    { url = "https://files.pythonhosted.org/packages/2d/c7/c53e8dbff9c9dc4b7928773421ae294a5d28fcb8dcda1a089579d3a7e510/ruff-0.15.17-py3-none-win_arm64.whl", hash = "sha256:f3be1fbb34bcdfd146240d8fb92a709d4c2c8191348580a3c044ec60fa0b4456", size = 11355275, upload-time = "2026-06-11T17:54:43.635Z" },
]

[[package]]
name = "sortedcontainers"
version = "2.4.0"
source = { registry = "https://pypi.org/simple" }
sdist = { url = "https://files.pythonhosted.org/packages/e8/c4/ba2f8066cceb6f23394729afe52f3bf7adec04bf9ed2c820b39e19299111/sortedcontainers-2.4.0.tar.gz", hash = "sha256:25caa5a06cc30b6b83d11423433f65d1f9d76c4c6a0c90e3379eaa43b9bfdb88", size = 30594, upload-time = "2021-05-16T22:03:42.897Z" }
wheels = [
    { url = "https://files.pythonhosted.org/packages/32/46/9cb0e58b2deb7f82b84065f37f3bffeb12413f947f9388e4cac22c4621ce/sortedcontainers-2.4.0-py2.py3-none-any.whl", hash = "sha256:a163dcaede0f1c021485e957a39245190e74249897e2ae4b2aa38595db237ee0", size = 29575, upload-time = "2021-05-16T22:03:41.177Z" },
]

[[package]]
name = "typing-extensions"
version = "4.15.0"
source = { registry = "https://pypi.org/simple" }
sdist = { url = "https://files.pythonhosted.org/packages/72/94/1a15dd82efb362ac84269196e94cf00f187f7ed21c242792a923cdb1c61f/typing_extensions-4.15.0.tar.gz", hash = "sha256:0cea48d173cc12fa28ecabc3b837ea3cf6f38c6d1136f85cbaaf598984861466", size = 109391, upload-time = "2025-08-25T13:49:26.313Z" }
wheels = [
    { url = "https://files.pythonhosted.org/packages/18/67/36e9267722cc04a6b9f15c7f3441c2363321a3ea07da7ae0c0707beb2a9c/typing_extensions-4.15.0-py3-none-any.whl", hash = "sha256:f0fa19c6845758ab08074a0cfa8b7aecb71c999ca73d62883bc25cc018c4e548", size = 44614, upload-time = "2025-08-25T13:49:24.86Z" },
]
